// !$*UTF8*$!
{
	archiveVersion = 1;
	classes = {
	};
	objectVersion = 50;
	objects = {

/* Begin PBXBuildFile section */
		88C9627A23D78AD0001CDCC9 /* AppDelegate.swift in Sources */ = {isa = PBXBuildFile; fileRef = 88C9627923D78AD0001CDCC9 /* AppDelegate.swift */; };
		88C9627C23D78AD0001CDCC9 /* SceneDelegate.swift in Sources */ = {isa = PBXBuildFile; fileRef = 88C9627B23D78AD0001CDCC9 /* SceneDelegate.swift */; };
		88C9627E23D78AD0001CDCC9 /* ViewController.swift in Sources */ = {isa = PBXBuildFile; fileRef = 88C9627D23D78AD0001CDCC9 /* ViewController.swift */; };
		88C9628123D78AD0001CDCC9 /* Main.storyboard in Resources */ = {isa = PBXBuildFile; fileRef = 88C9627F23D78AD0001CDCC9 /* Main.storyboard */; };
		88C9628323D78AD1001CDCC9 /* Assets.xcassets in Resources */ = {isa = PBXBuildFile; fileRef = 88C9628223D78AD1001CDCC9 /* Assets.xcassets */; };
		88C9628623D78AD1001CDCC9 /* LaunchScreen.storyboard in Resources */ = {isa = PBXBuildFile; fileRef = 88C9628423D78AD1001CDCC9 /* LaunchScreen.storyboard */; };
		88C9629123D78AD1001CDCC9 /* D20RollerTests.swift in Sources */ = {isa = PBXBuildFile; fileRef = 88C9629023D78AD1001CDCC9 /* D20RollerTests.swift */; };
		88C9629C23D78AD1001CDCC9 /* D20RollerUITests.swift in Sources */ = {isa = PBXBuildFile; fileRef = 88C9629B23D78AD1001CDCC9 /* D20RollerUITests.swift */; };
/* End PBXBuildFile section */

/* Begin PBXContainerItemProxy section */
		88C9628D23D78AD1001CDCC9 /* PBXContainerItemProxy */ = {
			isa = PBXContainerItemProxy;
			containerPortal = 88C9626E23D78ACF001CDCC9 /* Project object */;
			proxyType = 1;
			remoteGlobalIDString = 88C9627523D78ACF001CDCC9;
			remoteInfo = D20Roller;
		};
		88C9629823D78AD1001CDCC9 /* PBXContainerItemProxy */ = {
			isa = PBXContainerItemProxy;
			containerPortal = 88C9626E23D78ACF001CDCC9 /* Project object */;
			proxyType = 1;
			remoteGlobalIDString = 88C9627523D78ACF001CDCC9;
			remoteInfo = D20Roller;
		};
/* End PBXContainerItemProxy section */

/* Begin PBXFileReference section */
		88C9627623D78AD0001CDCC9 /* D20Roller.app */ = {isa = PBXFileReference; explicitFileType = wrapper.application; includeInIndex = 0; path = D20Roller.app; sourceTree = BUILT_PRODUCTS_DIR; };
		88C9627923D78AD0001CDCC9 /* AppDelegate.swift */ = {isa = PBXFileReference; lastKnownFileType = sourcecode.swift; path = AppDelegate.swift; sourceTree = "<group>"; };
		88C9627B23D78AD0001CDCC9 /* SceneDelegate.swift */ = {isa = PBXFileReference; lastKnownFileType = sourcecode.swift; path = SceneDelegate.swift; sourceTree = "<group>"; };
		88C9627D23D78AD0001CDCC9 /* ViewController.swift */ = {isa = PBXFileReference; lastKnownFileType = sourcecode.swift; path = ViewController.swift; sourceTree = "<group>"; };
		88C9628023D78AD0001CDCC9 /* Base */ = {isa = PBXFileReference; lastKnownFileType = file.storyboard; name = Base; path = Base.lproj/Main.storyboard; sourceTree = "<group>"; };
		88C9628223D78AD1001CDCC9 /* Assets.xcassets */ = {isa = PBXFileReference; lastKnownFileType = folder.assetcatalog; path = Assets.xcassets; sourceTree = "<group>"; };
		88C9628523D78AD1001CDCC9 /* Base */ = {isa = PBXFileReference; lastKnownFileType = file.storyboard; name = Base; path = Base.lproj/LaunchScreen.storyboard; sourceTree = "<group>"; };
		88C9628723D78AD1001CDCC9 /* Info.plist */ = {isa = PBXFileReference; lastKnownFileType = text.plist.xml; path = Info.plist; sourceTree = "<group>"; };
		88C9628C23D78AD1001CDCC9 /* D20RollerTests.xctest */ = {isa = PBXFileReference; explicitFileType = wrapper.cfbundle; includeInIndex = 0; path = D20RollerTests.xctest; sourceTree = BUILT_PRODUCTS_DIR; };
		88C9629023D78AD1001CDCC9 /* D20RollerTests.swift */ = {isa = PBXFileReference; lastKnownFileType = sourcecode.swift; path = D20RollerTests.swift; sourceTree = "<group>"; };
		88C9629223D78AD1001CDCC9 /* Info.plist */ = {isa = PBXFileReference; lastKnownFileType = text.plist.xml; path = Info.plist; sourceTree = "<group>"; };
		88C9629723D78AD1001CDCC9 /* D20RollerUITests.xctest */ = {isa = PBXFileReference; explicitFileType = wrapper.cfbundle; includeInIndex = 0; path = D20RollerUITests.xctest; sourceTree = BUILT_PRODUCTS_DIR; };
		88C9629B23D78AD1001CDCC9 /* D20RollerUITests.swift */ = {isa = PBXFileReference; lastKnownFileType = sourcecode.swift; path = D20RollerUITests.swift; sourceTree = "<group>"; };
		88C9629D23D78AD1001CDCC9 /* Info.plist */ = {isa = PBXFileReference; lastKnownFileType = text.plist.xml; path = Info.plist; sourceTree = "<group>"; };
/* End PBXFileReference section */

/* Begin PBXFrameworksBuildPhase section */
		88C9627323D78ACF001CDCC9 /* Frameworks */ = {
			isa = PBXFrameworksBuildPhase;
			buildActionMask = 2147483647;
			files = (
			);
			runOnlyForDeploymentPostprocessing = 0;
		};
		88C9628923D78AD1001CDCC9 /* Frameworks */ = {
			isa = PBXFrameworksBuildPhase;
			buildActionMask = 2147483647;
			files = (
			);
			runOnlyForDeploymentPostprocessing = 0;
		};
		88C9629423D78AD1001CDCC9 /* Frameworks */ = {
			isa = PBXFrameworksBuildPhase;
			buildActionMask = 2147483647;
			files = (
			);
			runOnlyForDeploymentPostprocessing = 0;
		};
/* End PBXFrameworksBuildPhase section */

/* Begin PBXGroup section */
		88C9626D23D78ACF001CDCC9 = {
			isa = PBXGroup;
			children = (
				88C9627823D78AD0001CDCC9 /* D20Roller */,
				88C9628F23D78AD1001CDCC9 /* D20RollerTests */,
				88C9629A23D78AD1001CDCC9 /* D20RollerUITests */,
				88C9627723D78AD0001CDCC9 /* Products */,
			);
			sourceTree = "<group>";
		};
		88C9627723D78AD0001CDCC9 /* Products */ = {
			isa = PBXGroup;
			children = (
				88C9627623D78AD0001CDCC9 /* D20Roller.app */,
				88C9628C23D78AD1001CDCC9 /* D20RollerTests.xctest */,
				88C9629723D78AD1001CDCC9 /* D20RollerUITests.xctest */,
			);
			name = Products;
			sourceTree = "<group>";
		};
		88C9627823D78AD0001CDCC9 /* D20Roller */ = {
			isa = PBXGroup;
			children = (
				88C9627923D78AD0001CDCC9 /* AppDelegate.swift */,
				88C9627B23D78AD0001CDCC9 /* SceneDelegate.swift */,
				88C9627D23D78AD0001CDCC9 /* ViewController.swift */,
				88C9627F23D78AD0001CDCC9 /* Main.storyboard */,
				88C9628223D78AD1001CDCC9 /* Assets.xcassets */,
				88C9628423D78AD1001CDCC9 /* LaunchScreen.storyboard */,
				88C9628723D78AD1001CDCC9 /* Info.plist */,
			);
			path = D20Roller;
			sourceTree = "<group>";
		};
		88C9628F23D78AD1001CDCC9 /* D20RollerTests */ = {
			isa = PBXGroup;
			children = (
				88C9629023D78AD1001CDCC9 /* D20RollerTests.swift */,
				88C9629223D78AD1001CDCC9 /* Info.plist */,
			);
			path = D20RollerTests;
			sourceTree = "<group>";
		};
		88C9629A23D78AD1001CDCC9 /* D20RollerUITests */ = {
			isa = PBXGroup;
			children = (
				88C9629B23D78AD1001CDCC9 /* D20RollerUITests.swift */,
				88C9629D23D78AD1001CDCC9 /* Info.plist */,
			);
			path = D20RollerUITests;
			sourceTree = "<group>";
		};
/* End PBXGroup section */

/* Begin PBXNativeTarget section */
		88C9627523D78ACF001CDCC9 /* D20Roller */ = {
			isa = PBXNativeTarget;
			buildConfigurationList = 88C962A023D78AD1001CDCC9 /* Build configuration list for PBXNativeTarget "D20Roller" */;
			buildPhases = (
				88C9627223D78ACF001CDCC9 /* Sources */,
				88C9627323D78ACF001CDCC9 /* Frameworks */,
				88C9627423D78ACF001CDCC9 /* Resources */,
			);
			buildRules = (
			);
			dependencies = (
			);
			name = D20Roller;
			productName = D20Roller;
			productReference = 88C9627623D78AD0001CDCC9 /* D20Roller.app */;
			productType = "com.apple.product-type.application";
		};
		88C9628B23D78AD1001CDCC9 /* D20RollerTests */ = {
			isa = PBXNativeTarget;
			buildConfigurationList = 88C962A323D78AD1001CDCC9 /* Build configuration list for PBXNativeTarget "D20RollerTests" */;
			buildPhases = (
				88C9628823D78AD1001CDCC9 /* Sources */,
				88C9628923D78AD1001CDCC9 /* Frameworks */,
				88C9628A23D78AD1001CDCC9 /* Resources */,
			);
			buildRules = (
			);
			dependencies = (
				88C9628E23D78AD1001CDCC9 /* PBXTargetDependency */,
			);
			name = D20RollerTests;
			productName = D20RollerTests;
			productReference = 88C9628C23D78AD1001CDCC9 /* D20RollerTests.xctest */;
			productType = "com.apple.product-type.bundle.unit-test";
		};
		88C9629623D78AD1001CDCC9 /* D20RollerUITests */ = {
			isa = PBXNativeTarget;
			buildConfigurationList = 88C962A623D78AD1001CDCC9 /* Build configuration list for PBXNativeTarget "D20RollerUITests" */;
			buildPhases = (
				88C9629323D78AD1001CDCC9 /* Sources */,
				88C9629423D78AD1001CDCC9 /* Frameworks */,
				88C9629523D78AD1001CDCC9 /* Resources */,
			);
			buildRules = (
			);
			dependencies = (
				88C9629923D78AD1001CDCC9 /* PBXTargetDependency */,
			);
			name = D20RollerUITests;
			productName = D20RollerUITests;
			productReference = 88C9629723D78AD1001CDCC9 /* D20RollerUITests.xctest */;
			productType = "com.apple.product-type.bundle.ui-testing";
		};
/* End PBXNativeTarget section */

/* Begin PBXProject section */
		88C9626E23D78ACF001CDCC9 /* Project object */ = {
			isa = PBXProject;
			attributes = {
				LastSwiftUpdateCheck = 1130;
				LastUpgradeCheck = 1130;
				ORGANIZATIONNAME = "Joshua Kersker";
				TargetAttributes = {
					88C9627523D78ACF001CDCC9 = {
						CreatedOnToolsVersion = 11.3.1;
					};
					88C9628B23D78AD1001CDCC9 = {
						CreatedOnToolsVersion = 11.3.1;
						TestTargetID = 88C9627523D78ACF001CDCC9;
					};
					88C9629623D78AD1001CDCC9 = {
						CreatedOnToolsVersion = 11.3.1;
						TestTargetID = 88C9627523D78ACF001CDCC9;
					};
				};
			};
			buildConfigurationList = 88C9627123D78ACF001CDCC9 /* Build configuration list for PBXProject "D20Roller" */;
			compatibilityVersion = "Xcode 9.3";
			developmentRegion = en;
			hasScannedForEncodings = 0;
			knownRegions = (
				en,
				Base,
			);
			mainGroup = 88C9626D23D78ACF001CDCC9;
			productRefGroup = 88C9627723D78AD0001CDCC9 /* Products */;
			projectDirPath = "";
			projectRoot = "";
			targets = (
				88C9627523D78ACF001CDCC9 /* D20Roller */,
				88C9628B23D78AD1001CDCC9 /* D20RollerTests */,
				88C9629623D78AD1001CDCC9 /* D20RollerUITests */,
			);
		};
/* End PBXProject section */

/* Begin PBXResourcesBuildPhase section */
		88C9627423D78ACF001CDCC9 /* Resources */ = {
			isa = PBXResourcesBuildPhase;
			buildActionMask = 2147483647;
			files = (
				88C9628623D78AD1001CDCC9 /* LaunchScreen.storyboard in Resources */,
				88C9628323D78AD1001CDCC9 /* Assets.xcassets in Resources */,
				88C9628123D78AD0001CDCC9 /* Main.storyboard in Resources */,
			);
			runOnlyForDeploymentPostprocessing = 0;
		};
		88C9628A23D78AD1001CDCC9 /* Resources */ = {
			isa = PBXResourcesBuildPhase;
			buildActionMask = 2147483647;
			files = (
			);
			runOnlyForDeploymentPostprocessing = 0;
		};
		88C9629523D78AD1001CDCC9 /* Resources */ = {
			isa = PBXResourcesBuildPhase;
			buildActionMask = 2147483647;
			files = (
			);
			runOnlyForDeploymentPostprocessing = 0;
		};
/* End PBXResourcesBuildPhase section */

/* Begin PBXSourcesBuildPhase section */
		88C9627223D78ACF001CDCC9 /* Sources */ = {
			isa = PBXSourcesBuildPhase;
			buildActionMask = 2147483647;
			files = (
				88C9627E23D78AD0001CDCC9 /* ViewController.swift in Sources */,
				88C9627A23D78AD0001CDCC9 /* AppDelegate.swift in Sources */,
				88C9627C23D78AD0001CDCC9 /* SceneDelegate.swift in Sources */,
			);
			runOnlyForDeploymentPostprocessing = 0;
		};
		88C9628823D78AD1001CDCC9 /* Sources */ = {
			isa = PBXSourcesBuildPhase;
			buildActionMask = 2147483647;
			files = (
				88C9629123D78AD1001CDCC9 /* D20RollerTests.swift in Sources */,
			);
			runOnlyForDeploymentPostprocessing = 0;
		};
		88C9629323D78AD1001CDCC9 /* Sources */ = {
			isa = PBXSourcesBuildPhase;
			buildActionMask = 2147483647;
			files = (
				88C9629C23D78AD1001CDCC9 /* D20RollerUITests.swift in Sources */,
			);
			runOnlyForDeploymentPostprocessing = 0;
		};
/* End PBXSourcesBuildPhase section */

/* Begin PBXTargetDependency section */
		88C9628E23D78AD1001CDCC9 /* PBXTargetDependency */ = {
			isa = PBXTargetDependency;
			target = 88C9627523D78ACF001CDCC9 /* D20Roller */;
			targetProxy = 88C9628D23D78AD1001CDCC9 /* PBXContainerItemProxy */;
		};
		88C9629923D78AD1001CDCC9 /* PBXTargetDependency */ = {
			isa = PBXTargetDependency;
			target = 88C9627523D78ACF001CDCC9 /* D20Roller */;
			targetProxy = 88C9629823D78AD1001CDCC9 /* PBXContainerItemProxy */;
		};
/* End PBXTargetDependency section */

/* Begin PBXVariantGroup section */
		88C9627F23D78AD0001CDCC9 /* Main.storyboard */ = {
			isa = PBXVariantGroup;
			children = (
				88C9628023D78AD0001CDCC9 /* Base */,
			);
			name = Main.storyboard;
			sourceTree = "<group>";
		};
		88C9628423D78AD1001CDCC9 /* LaunchScreen.storyboard */ = {
			isa = PBXVariantGroup;
			children = (
				88C9628523D78AD1001CDCC9 /* Base */,
			);
			name = LaunchScreen.storyboard;
			sourceTree = "<group>";
		};
/* End PBXVariantGroup section */

/* Begin XCBuildConfiguration section */
		88C9629E23D78AD1001CDCC9 /* Debug */ = {
			isa = XCBuildConfiguration;
			buildSettings = {
				ALWAYS_SEARCH_USER_PATHS = NO;
				CLANG_ANALYZER_NONNULL = YES;
				CLANG_ANALYZER_NUMBER_OBJECT_CONVERSION = YES_AGGRESSIVE;
				CLANG_CXX_LANGUAGE_STANDARD = "gnu++14";
				CLANG_CXX_LIBRARY = "libc++";
				CLANG_ENABLE_MODULES = YES;
				CLANG_ENABLE_OBJC_ARC = YES;
				CLANG_ENABLE_OBJC_WEAK = YES;
				CLANG_WARN_BLOCK_CAPTURE_AUTORELEASING = YES;
				CLANG_WARN_BOOL_CONVERSION = YES;
				CLANG_WARN_COMMA = YES;
				CLANG_WARN_CONSTANT_CONVERSION = YES;
				CLANG_WARN_DEPRECATED_OBJC_IMPLEMENTATIONS = YES;
				CLANG_WARN_DIRECT_OBJC_ISA_USAGE = YES_ERROR;
				CLANG_WARN_DOCUMENTATION_COMMENTS = YES;
				CLANG_WARN_EMPTY_BODY = YES;
				CLANG_WARN_ENUM_CONVERSION = YES;
				CLANG_WARN_INFINITE_RECURSION = YES;
				CLANG_WARN_INT_CONVERSION = YES;
				CLANG_WARN_NON_LITERAL_NULL_CONVERSION = YES;
				CLANG_WARN_OBJC_IMPLICIT_RETAIN_SELF = YES;
				CLANG_WARN_OBJC_LITERAL_CONVERSION = YES;
				CLANG_WARN_OBJC_ROOT_CLASS = YES_ERROR;
				CLANG_WARN_RANGE_LOOP_ANALYSIS = YES;
				CLANG_WARN_STRICT_PROTOTYPES = YES;
				CLANG_WARN_SUSPICIOUS_MOVE = YES;
				CLANG_WARN_UNGUARDED_AVAILABILITY = YES_AGGRESSIVE;
				CLANG_WARN_UNREACHABLE_CODE = YES;
				CLANG_WARN__DUPLICATE_METHOD_MATCH = YES;
				COPY_PHASE_STRIP = NO;
				DEBUG_INFORMATION_FORMAT = dwarf;
				ENABLE_STRICT_OBJC_MSGSEND = YES;
				ENABLE_TESTABILITY = YES;
				GCC_C_LANGUAGE_STANDARD = gnu11;
				GCC_DYNAMIC_NO_PIC = NO;
				GCC_NO_COMMON_BLOCKS = YES;
				GCC_OPTIMIZATION_LEVEL = 0;
				GCC_PREPROCESSOR_DEFINITIONS = (
					"DEBUG=1",
					"$(inherited)",
				);
				GCC_WARN_64_TO_32_BIT_CONVERSION = YES;
				GCC_WARN_ABOUT_RETURN_TYPE = YES_ERROR;
				GCC_WARN_UNDECLARED_SELECTOR = YES;
				GCC_WARN_UNINITIALIZED_AUTOS = YES_AGGRESSIVE;
				GCC_WARN_UNUSED_FUNCTION = YES;
				GCC_WARN_UNUSED_VARIABLE = YES;
				IPHONEOS_DEPLOYMENT_TARGET = 13.2;
				MTL_ENABLE_DEBUG_INFO = INCLUDE_SOURCE;
				MTL_FAST_MATH = YES;
				ONLY_ACTIVE_ARCH = YES;
				SDKROOT = iphoneos;
				SWIFT_ACTIVE_COMPILATION_CONDITIONS = DEBUG;
				SWIFT_OPTIMIZATION_LEVEL = "-Onone";
			};
			name = Debug;
		};
		88C9629F23D78AD1001CDCC9 /* Release */ = {
			isa = XCBuildConfiguration;
			buildSettings = {
				ALWAYS_SEARCH_USER_PATHS = NO;
				CLANG_ANALYZER_NONNULL = YES;
				CLANG_ANALYZER_NUMBER_OBJECT_CONVERSION = YES_AGGRESSIVE;
				CLANG_CXX_LANGUAGE_STANDARD = "gnu++14";
				CLANG_CXX_LIBRARY = "libc++";
				CLANG_ENABLE_MODULES = YES;
				CLANG_ENABLE_OBJC_ARC = YES;
				CLANG_ENABLE_OBJC_WEAK = YES;
				CLANG_WARN_BLOCK_CAPTURE_AUTORELEASING = YES;
				CLANG_WARN_BOOL_CONVERSION = YES;
				CLANG_WARN_COMMA = YES;
				CLANG_WARN_CONSTANT_CONVERSION = YES;
				CLANG_WARN_DEPRECATED_OBJC_IMPLEMENTATIONS = YES;
				CLANG_WARN_DIRECT_OBJC_ISA_USAGE = YES_ERROR;
				CLANG_WARN_DOCUMENTATION_COMMENTS = YES;
				CLANG_WARN_EMPTY_BODY = YES;
				CLANG_WARN_ENUM_CONVERSION = YES;
				CLANG_WARN_INFINITE_RECURSION = YES;
				CLANG_WARN_INT_CONVERSION = YES;
				CLANG_WARN_NON_LITERAL_NULL_CONVERSION = YES;
				CLANG_WARN_OBJC_IMPLICIT_RETAIN_SELF = YES;
				CLANG_WARN_OBJC_LITERAL_CONVERSION = YES;
				CLANG_WARN_OBJC_ROOT_CLASS = YES_ERROR;
				CLANG_WARN_RANGE_LOOP_ANALYSIS = YES;
				CLANG_WARN_STRICT_PROTOTYPES = YES;
				CLANG_WARN_SUSPICIOUS_MOVE = YES;
				CLANG_WARN_UNGUARDED_AVAILABILITY = YES_AGGRESSIVE;
				CLANG_WARN_UNREACHABLE_CODE = YES;
				CLANG_WARN__DUPLICATE_METHOD_MATCH = YES;
				COPY_PHASE_STRIP = NO;
				DEBUG_INFORMATION_FORMAT = "dwarf-with-dsym";
				ENABLE_NS_ASSERTIONS = NO;
				ENABLE_STRICT_OBJC_MSGSEND = YES;
				GCC_C_LANGUAGE_STANDARD = gnu11;
				GCC_NO_COMMON_BLOCKS = YES;
				GCC_WARN_64_TO_32_BIT_CONVERSION = YES;
				GCC_WARN_ABOUT_RETURN_TYPE = YES_ERROR;
				GCC_WARN_UNDECLARED_SELECTOR = YES;
				GCC_WARN_UNINITIALIZED_AUTOS = YES_AGGRESSIVE;
				GCC_WARN_UNUSED_FUNCTION = YES;
				GCC_WARN_UNUSED_VARIABLE = YES;
				IPHONEOS_DEPLOYMENT_TARGET = 13.2;
				MTL_ENABLE_DEBUG_INFO = NO;
				MTL_FAST_MATH = YES;
				SDKROOT = iphoneos;
				SWIFT_COMPILATION_MODE = wholemodule;
				SWIFT_OPTIMIZATION_LEVEL = "-O";
				VALIDATE_PRODUCT = YES;
			};
			name = Release;
		};
		88C962A123D78AD1001CDCC9 /* Debug */ = {
			isa = XCBuildConfiguration;
			buildSettings = {
				ASSETCATALOG_COMPILER_APPICON_NAME = AppIcon;
				CODE_SIGN_STYLE = Automatic;
				INFOPLIST_FILE = D20Roller/Info.plist;
				LD_RUNPATH_SEARCH_PATHS = (
					"$(inherited)",
					"@executable_path/Frameworks",
				);
				PRODUCT_BUNDLE_IDENTIFIER = com.roxas.application.D20Roller;
				PRODUCT_NAME = "$(TARGET_NAME)";
				SWIFT_VERSION = 5.0;
				TARGETED_DEVICE_FAMILY = "1,2";
			};
			name = Debug;
		};
		88C962A223D78AD1001CDCC9 /* Release */ = {
			isa = XCBuildConfiguration;
			buildSettings = {
				ASSETCATALOG_COMPILER_APPICON_NAME = AppIcon;
				CODE_SIGN_STYLE = Automatic;
				INFOPLIST_FILE = D20Roller/Info.plist;
				LD_RUNPATH_SEARCH_PATHS = (
					"$(inherited)",
					"@executable_path/Frameworks",
				);
				PRODUCT_BUNDLE_IDENTIFIER = com.roxas.application.D20Roller;
				PRODUCT_NAME = "$(TARGET_NAME)";
				SWIFT_VERSION = 5.0;
				TARGETED_DEVICE_FAMILY = "1,2";
			};
			name = Release;
		};
		88C962A423D78AD1001CDCC9 /* Debug */ = {
			isa = XCBuildConfiguration;
			buildSettings = {
				ALWAYS_EMBED_SWIFT_STANDARD_LIBRARIES = YES;
				BUNDLE_LOADER = "$(TEST_HOST)";
				CODE_SIGN_STYLE = Automatic;
				INFOPLIST_FILE = D20RollerTests/Info.plist;
				IPHONEOS_DEPLOYMENT_TARGET = 13.2;
				LD_RUNPATH_SEARCH_PATHS = (
					"$(inherited)",
					"@executable_path/Frameworks",
					"@loader_path/Frameworks",
				);
				PRODUCT_BUNDLE_IDENTIFIER = com.roxas.application.D20RollerTests;
				PRODUCT_NAME = "$(TARGET_NAME)";
				SWIFT_VERSION = 5.0;
				TARGETED_DEVICE_FAMILY = "1,2";
				TEST_HOST = "$(BUILT_PRODUCTS_DIR)/D20Roller.app/D20Roller";
			};
			name = Debug;
		};
		88C962A523D78AD1001CDCC9 /* Release */ = {
			isa = XCBuildConfiguration;
			buildSettings = {
				ALWAYS_EMBED_SWIFT_STANDARD_LIBRARIES = YES;
				BUNDLE_LOADER = "$(TEST_HOST)";
				CODE_SIGN_STYLE = Automatic;
				INFOPLIST_FILE = D20RollerTests/Info.plist;
				IPHONEOS_DEPLOYMENT_TARGET = 13.2;
				LD_RUNPATH_SEARCH_PATHS = (
					"$(inherited)",
					"@executable_path/Frameworks",
					"@loader_path/Frameworks",
				);
				PRODUCT_BUNDLE_IDENTIFIER = com.roxas.application.D20RollerTests;
				PRODUCT_NAME = "$(TARGET_NAME)";
				SWIFT_VERSION = 5.0;
				TARGETED_DEVICE_FAMILY = "1,2";
				TEST_HOST = "$(BUILT_PRODUCTS_DIR)/D20Roller.app/D20Roller";
			};
			name = Release;
		};
		88C962A723D78AD1001CDCC9 /* Debug */ = {
			isa = XCBuildConfiguration;
			buildSettings = {
				ALWAYS_EMBED_SWIFT_STANDARD_LIBRARIES = YES;
				CODE_SIGN_STYLE = Automatic;
				INFOPLIST_FILE = D20RollerUITests/Info.plist;
				LD_RUNPATH_SEARCH_PATHS = (
					"$(inherited)",
					"@executable_path/Frameworks",
					"@loader_path/Frameworks",
				);
				PRODUCT_BUNDLE_IDENTIFIER = com.roxas.application.D20RollerUITests;
				PRODUCT_NAME = "$(TARGET_NAME)";
				SWIFT_VERSION = 5.0;
				TARGETED_DEVICE_FAMILY = "1,2";
				TEST_TARGET_NAME = D20Roller;
			};
			name = Debug;
		};
		88C962A823D78AD1001CDCC9 /* Release */ = {
			isa = XCBuildConfiguration;
			buildSettings = {
				ALWAYS_EMBED_SWIFT_STANDARD_LIBRARIES = YES;
				CODE_SIGN_STYLE = Automatic;
				INFOPLIST_FILE = D20RollerUITests/Info.plist;
				LD_RUNPATH_SEARCH_PATHS = (
					"$(inherited)",
					"@executable_path/Frameworks",
					"@loader_path/Frameworks",
				);
				PRODUCT_BUNDLE_IDENTIFIER = com.roxas.application.D20RollerUITests;
				PRODUCT_NAME = "$(TARGET_NAME)";
				SWIFT_VERSION = 5.0;
				TARGETED_DEVICE_FAMILY = "1,2";
				TEST_TARGET_NAME = D20Roller;
			};
			name = Release;
		};
/* End XCBuildConfiguration section */

/* Begin XCConfigurationList section */
		88C9627123D78ACF001CDCC9 /* Build configuration list for PBXProject "D20Roller" */ = {
			isa = XCConfigurationList;
			buildConfigurations = (
				88C9629E23D78AD1001CDCC9 /* Debug */,
				88C9629F23D78AD1001CDCC9 /* Release */,
			);
			defaultConfigurationIsVisible = 0;
			defaultConfigurationName = Release;
		};
		88C962A023D78AD1001CDCC9 /* Build configuration list for PBXNativeTarget "D20Roller" */ = {
			isa = XCConfigurationList;
			buildConfigurations = (
				88C962A123D78AD1001CDCC9 /* Debug */,
				88C962A223D78AD1001CDCC9 /* Release */,
			);
			defaultConfigurationIsVisible = 0;
			defaultConfigurationName = Release;
		};
		88C962A323D78AD1001CDCC9 /* Build configuration list for PBXNativeTarget "D20RollerTests" */ = {
			isa = XCConfigurationList;
			buildConfigurations = (
				88C962A423D78AD1001CDCC9 /* Debug */,
				88C962A523D78AD1001CDCC9 /* Release */,
			);
			defaultConfigurationIsVisible = 0;
			defaultConfigurationName = Release;
		};
		88C962A623D78AD1001CDCC9 /* Build configuration list for PBXNativeTarget "D20RollerUITests" */ = {
			isa = XCConfigurationList;
			buildConfigurations = (
				88C962A723D78AD1001CDCC9 /* Debug */,
				88C962A823D78AD1001CDCC9 /* Release */,
			);
			defaultConfigurationIsVisible = 0;
			defaultConfigurationName = Release;
		};
/* End XCConfigurationList section */
	};
	rootObject = 88C9626E23D78ACF001CDCC9 /* Project object */;
}
